
Microsoft Visual Studio Solution File, Format Version 12.00
# Visual Studio Version 16
VisualStudioVersion = 16.0.31624.102
MinimumVisualStudioVersion = 10.0.40219.1
Project("{FAE04EC0-301F-11D3-BF4B-00C04F79EFBC}") = "ORFU21_Application_Stas", "ORFU21_Application_Stas\ORFU21_Application_Stas.csproj", "{725990E0-0E35-4D90-9CC7-104616537180}"
EndProject
Global
	GlobalSection(SolutionConfigurationPlatforms) = preSolution
		Debug|Any CPU = Debug|Any CPU
		Release|Any CPU = Release|Any CPU
	EndGlobalSection
	GlobalSection(ProjectConfigurationPlatforms) = postSolution
		{725990E0-0E35-4D90-9CC7-104616537180}.Debug|Any CPU.ActiveCfg = Debug|Any CPU
		{725990E0-0E35-4D90-9CC7-104616537180}.Debug|Any CPU.Build.0 = Debug|Any CPU
		{725990E0-0E35-4D90-9CC7-104616537180}.Release|Any CPU.ActiveCfg = Release|Any CPU
		{725990E0-0E35-4D90-9CC7-104616537180}.Release|Any CPU.Build.0 = Release|Any CPU
	EndGlobalSection
	GlobalSection(SolutionProperties) = preSolution
		HideSolutionNode = FALSE
	EndGlobalSection
	GlobalSection(ExtensibilityGlobals) = postSolution
		SolutionGuid = {0C00E294-9F6C-4FA8-927F-2A290F76B065}
	EndGlobalSection
EndGlobal
